
Microsoft Visual Studio Solution File, Format Version 12.00
# Visual Studio 15
VisualStudioVersion = 15.0.26430.14
MinimumVisualStudioVersion = 10.0.40219.1
Project("{8BC9CEB8-8B4A-11D0-8D11-00A0C91BC942}") = "DirectX2D", "DirectX2D\DirectX2D.vcxproj", "{D4D2D8D9-3B14-427F-8D46-4423D398AFC9}"
EndProject
Project("{8BC9CEB8-8B4A-11D0-8D11-00A0C91BC942}") = "GameEngine", "GameEngine\GameEngine.vcxproj", "{0BDAA0ED-D8E2-4366-93A8-E3398F1EF4B2}"
EndProject
Project("{8BC9CEB8-8B4A-11D0-8D11-00A0C91BC942}") = "Planet", "Planet\Planet.vcxproj", "{A10D4BCD-A81E-48F8-8152-C07B9FCFA14D}"
EndProject
Project("{8BC9CEB8-8B4A-11D0-8D11-00A0C91BC942}") = "Orbit", "Orbit\Orbit.vcxproj", "{31B0D6A3-8DBE-479F-807A-5D620B6EDD88}"
EndProject
Project("{8BC9CEB8-8B4A-11D0-8D11-00A0C91BC942}") = "CollisionTypes", "CollisionTypes\CollisionTypes.vcxproj", "{705122DC-654D-4120-AA8B-57CB7BE69A2E}"
EndProject
Project("{8BC9CEB8-8B4A-11D0-8D11-00A0C91BC942}") = "Gravity", "Gravity\Gravity.vcxproj", "{C78EE995-C1E2-49CE-A422-5E9358A9F341}"
EndProject
Project("{8BC9CEB8-8B4A-11D0-8D11-00A0C91BC942}") = "Bounce", "Bounce\Bounce.vcxproj", "{2844F616-CF68-47A8-9D96-FCC4F9EA7E08}"
EndProject
Project("{8BC9CEB8-8B4A-11D0-8D11-00A0C91BC942}") = "PlanetCollision", "PlanetCollision\PlanetCollision.vcxproj", "{9BAC60DA-CD91-4321-9B64-AE20E63F384D}"
EndProject
Project("{8BC9CEB8-8B4A-11D0-8D11-00A0C91BC942}") = "SoundExample", "SoundExample\SoundExample.vcxproj", "{FEDEFAB7-EB7A-4356-B486-C2DA13E1F722}"
EndProject
Project("{8BC9CEB8-8B4A-11D0-8D11-00A0C91BC942}") = "SoundLimitInstances", "SoundLimitInstances\SoundLimitInstances.vcxproj", "{187BC30B-3BE6-447A-9F7E-DE4DACFF81E2}"
EndProject
Project("{8BC9CEB8-8B4A-11D0-8D11-00A0C91BC942}") = "SpriteFont", "SpriteFont\SpriteFont.vcxproj", "{491E0327-D7EE-4A63-9E57-365D5731DC6B}"
EndProject
Project("{8BC9CEB8-8B4A-11D0-8D11-00A0C91BC942}") = "DirectXFont", "DirectXFont\DirectXFont.vcxproj", "{3A19ADE1-6FE7-4C17-9506-E758AF2FDDF0}"
EndProject
Project("{8BC9CEB8-8B4A-11D0-8D11-00A0C91BC942}") = "TextDemo", "TextDemo\TextDemo.vcxproj", "{A046366B-13A7-42D7-A68A-63A533936AD6}"
EndProject
Global
	GlobalSection(SolutionConfigurationPlatforms) = preSolution
		Debug|x64 = Debug|x64
		Debug|x86 = Debug|x86
		Release|x64 = Release|x64
		Release|x86 = Release|x86
	EndGlobalSection
	GlobalSection(ProjectConfigurationPlatforms) = postSolution
		{D4D2D8D9-3B14-427F-8D46-4423D398AFC9}.Debug|x64.ActiveCfg = Debug|x64
		{D4D2D8D9-3B14-427F-8D46-4423D398AFC9}.Debug|x64.Build.0 = Debug|x64
		{D4D2D8D9-3B14-427F-8D46-4423D398AFC9}.Debug|x86.ActiveCfg = Debug|Win32
		{D4D2D8D9-3B14-427F-8D46-4423D398AFC9}.Debug|x86.Build.0 = Debug|Win32
		{D4D2D8D9-3B14-427F-8D46-4423D398AFC9}.Release|x64.ActiveCfg = Release|x64
		{D4D2D8D9-3B14-427F-8D46-4423D398AFC9}.Release|x64.Build.0 = Release|x64
		{D4D2D8D9-3B14-427F-8D46-4423D398AFC9}.Release|x86.ActiveCfg = Release|Win32
		{D4D2D8D9-3B14-427F-8D46-4423D398AFC9}.Release|x86.Build.0 = Release|Win32
		{0BDAA0ED-D8E2-4366-93A8-E3398F1EF4B2}.Debug|x64.ActiveCfg = Debug|x64
		{0BDAA0ED-D8E2-4366-93A8-E3398F1EF4B2}.Debug|x64.Build.0 = Debug|x64
		{0BDAA0ED-D8E2-4366-93A8-E3398F1EF4B2}.Debug|x86.ActiveCfg = Debug|Win32
		{0BDAA0ED-D8E2-4366-93A8-E3398F1EF4B2}.Debug|x86.Build.0 = Debug|Win32
		{0BDAA0ED-D8E2-4366-93A8-E3398F1EF4B2}.Release|x64.ActiveCfg = Release|x64
		{0BDAA0ED-D8E2-4366-93A8-E3398F1EF4B2}.Release|x64.Build.0 = Release|x64
		{0BDAA0ED-D8E2-4366-93A8-E3398F1EF4B2}.Release|x86.ActiveCfg = Release|Win32
		{0BDAA0ED-D8E2-4366-93A8-E3398F1EF4B2}.Release|x86.Build.0 = Release|Win32
		{A10D4BCD-A81E-48F8-8152-C07B9FCFA14D}.Debug|x64.ActiveCfg = Debug|x64
		{A10D4BCD-A81E-48F8-8152-C07B9FCFA14D}.Debug|x64.Build.0 = Debug|x64
		{A10D4BCD-A81E-48F8-8152-C07B9FCFA14D}.Debug|x86.ActiveCfg = Debug|Win32
		{A10D4BCD-A81E-48F8-8152-C07B9FCFA14D}.Debug|x86.Build.0 = Debug|Win32
		{A10D4BCD-A81E-48F8-8152-C07B9FCFA14D}.Release|x64.ActiveCfg = Release|x64
		{A10D4BCD-A81E-48F8-8152-C07B9FCFA14D}.Release|x64.Build.0 = Release|x64
		{A10D4BCD-A81E-48F8-8152-C07B9FCFA14D}.Release|x86.ActiveCfg = Release|Win32
		{A10D4BCD-A81E-48F8-8152-C07B9FCFA14D}.Release|x86.Build.0 = Release|Win32
		{31B0D6A3-8DBE-479F-807A-5D620B6EDD88}.Debug|x64.ActiveCfg = Debug|x64
		{31B0D6A3-8DBE-479F-807A-5D620B6EDD88}.Debug|x64.Build.0 = Debug|x64
		{31B0D6A3-8DBE-479F-807A-5D620B6EDD88}.Debug|x86.ActiveCfg = Debug|Win32
		{31B0D6A3-8DBE-479F-807A-5D620B6EDD88}.Debug|x86.Build.0 = Debug|Win32
		{31B0D6A3-8DBE-479F-807A-5D620B6EDD88}.Release|x64.ActiveCfg = Release|x64
		{31B0D6A3-8DBE-479F-807A-5D620B6EDD88}.Release|x64.Build.0 = Release|x64
		{31B0D6A3-8DBE-479F-807A-5D620B6EDD88}.Release|x86.ActiveCfg = Release|Win32
		{31B0D6A3-8DBE-479F-807A-5D620B6EDD88}.Release|x86.Build.0 = Release|Win32
		{705122DC-654D-4120-AA8B-57CB7BE69A2E}.Debug|x64.ActiveCfg = Debug|x64
		{705122DC-654D-4120-AA8B-57CB7BE69A2E}.Debug|x64.Build.0 = Debug|x64
		{705122DC-654D-4120-AA8B-57CB7BE69A2E}.Debug|x86.ActiveCfg = Debug|Win32
		{705122DC-654D-4120-AA8B-57CB7BE69A2E}.Debug|x86.Build.0 = Debug|Win32
		{705122DC-654D-4120-AA8B-57CB7BE69A2E}.Release|x64.ActiveCfg = Release|x64
		{705122DC-654D-4120-AA8B-57CB7BE69A2E}.Release|x64.Build.0 = Release|x64
		{705122DC-654D-4120-AA8B-57CB7BE69A2E}.Release|x86.ActiveCfg = Release|Win32
		{705122DC-654D-4120-AA8B-57CB7BE69A2E}.Release|x86.Build.0 = Release|Win32
		{C78EE995-C1E2-49CE-A422-5E9358A9F341}.Debug|x64.ActiveCfg = Debug|x64
		{C78EE995-C1E2-49CE-A422-5E9358A9F341}.Debug|x64.Build.0 = Debug|x64
		{C78EE995-C1E2-49CE-A422-5E9358A9F341}.Debug|x86.ActiveCfg = Debug|Win32
		{C78EE995-C1E2-49CE-A422-5E9358A9F341}.Debug|x86.Build.0 = Debug|Win32
		{C78EE995-C1E2-49CE-A422-5E9358A9F341}.Release|x64.ActiveCfg = Release|x64
		{C78EE995-C1E2-49CE-A422-5E9358A9F341}.Release|x64.Build.0 = Release|x64
		{C78EE995-C1E2-49CE-A422-5E9358A9F341}.Release|x86.ActiveCfg = Release|Win32
		{C78EE995-C1E2-49CE-A422-5E9358A9F341}.Release|x86.Build.0 = Release|Win32
		{2844F616-CF68-47A8-9D96-FCC4F9EA7E08}.Debug|x64.ActiveCfg = Debug|x64
		{2844F616-CF68-47A8-9D96-FCC4F9EA7E08}.Debug|x64.Build.0 = Debug|x64
		{2844F616-CF68-47A8-9D96-FCC4F9EA7E08}.Debug|x86.ActiveCfg = Debug|Win32
		{2844F616-CF68-47A8-9D96-FCC4F9EA7E08}.Debug|x86.Build.0 = Debug|Win32
		{2844F616-CF68-47A8-9D96-FCC4F9EA7E08}.Release|x64.ActiveCfg = Release|x64
		{2844F616-CF68-47A8-9D96-FCC4F9EA7E08}.Release|x64.Build.0 = Release|x64
		{2844F616-CF68-47A8-9D96-FCC4F9EA7E08}.Release|x86.ActiveCfg = Release|Win32
		{2844F616-CF68-47A8-9D96-FCC4F9EA7E08}.Release|x86.Build.0 = Release|Win32
		{9BAC60DA-CD91-4321-9B64-AE20E63F384D}.Debug|x64.ActiveCfg = Debug|x64
		{9BAC60DA-CD91-4321-9B64-AE20E63F384D}.Debug|x64.Build.0 = Debug|x64
		{9BAC60DA-CD91-4321-9B64-AE20E63F384D}.Debug|x86.ActiveCfg = Debug|Win32
		{9BAC60DA-CD91-4321-9B64-AE20E63F384D}.Debug|x86.Build.0 = Debug|Win32
		{9BAC60DA-CD91-4321-9B64-AE20E63F384D}.Release|x64.ActiveCfg = Release|x64
		{9BAC60DA-CD91-4321-9B64-AE20E63F384D}.Release|x64.Build.0 = Release|x64
		{9BAC60DA-CD91-4321-9B64-AE20E63F384D}.Release|x86.ActiveCfg = Release|Win32
		{9BAC60DA-CD91-4321-9B64-AE20E63F384D}.Release|x86.Build.0 = Release|Win32
		{FEDEFAB7-EB7A-4356-B486-C2DA13E1F722}.Debug|x64.ActiveCfg = Debug|x64
		{FEDEFAB7-EB7A-4356-B486-C2DA13E1F722}.Debug|x64.Build.0 = Debug|x64
		{FEDEFAB7-EB7A-4356-B486-C2DA13E1F722}.Debug|x86.ActiveCfg = Debug|Win32
		{FEDEFAB7-EB7A-4356-B486-C2DA13E1F722}.Debug|x86.Build.0 = Debug|Win32
		{FEDEFAB7-EB7A-4356-B486-C2DA13E1F722}.Release|x64.ActiveCfg = Release|x64
		{FEDEFAB7-EB7A-4356-B486-C2DA13E1F722}.Release|x64.Build.0 = Release|x64
		{FEDEFAB7-EB7A-4356-B486-C2DA13E1F722}.Release|x86.ActiveCfg = Release|Win32
		{FEDEFAB7-EB7A-4356-B486-C2DA13E1F722}.Release|x86.Build.0 = Release|Win32
		{187BC30B-3BE6-447A-9F7E-DE4DACFF81E2}.Debug|x64.ActiveCfg = Debug|x64
		{187BC30B-3BE6-447A-9F7E-DE4DACFF81E2}.Debug|x64.Build.0 = Debug|x64
		{187BC30B-3BE6-447A-9F7E-DE4DACFF81E2}.Debug|x86.ActiveCfg = Debug|Win32
		{187BC30B-3BE6-447A-9F7E-DE4DACFF81E2}.Debug|x86.Build.0 = Debug|Win32
		{187BC30B-3BE6-447A-9F7E-DE4DACFF81E2}.Release|x64.ActiveCfg = Release|x64
		{187BC30B-3BE6-447A-9F7E-DE4DACFF81E2}.Release|x64.Build.0 = Release|x64
		{187BC30B-3BE6-447A-9F7E-DE4DACFF81E2}.Release|x86.ActiveCfg = Release|Win32
		{187BC30B-3BE6-447A-9F7E-DE4DACFF81E2}.Release|x86.Build.0 = Release|Win32
		{491E0327-D7EE-4A63-9E57-365D5731DC6B}.Debug|x64.ActiveCfg = Debug|x64
		{491E0327-D7EE-4A63-9E57-365D5731DC6B}.Debug|x64.Build.0 = Debug|x64
		{491E0327-D7EE-4A63-9E57-365D5731DC6B}.Debug|x86.ActiveCfg = Debug|Win32
		{491E0327-D7EE-4A63-9E57-365D5731DC6B}.Debug|x86.Build.0 = Debug|Win32
		{491E0327-D7EE-4A63-9E57-365D5731DC6B}.Release|x64.ActiveCfg = Release|x64
		{491E0327-D7EE-4A63-9E57-365D5731DC6B}.Release|x64.Build.0 = Release|x64
		{491E0327-D7EE-4A63-9E57-365D5731DC6B}.Release|x86.ActiveCfg = Release|Win32
		{491E0327-D7EE-4A63-9E57-365D5731DC6B}.Release|x86.Build.0 = Release|Win32
		{3A19ADE1-6FE7-4C17-9506-E758AF2FDDF0}.Debug|x64.ActiveCfg = Debug|x64
		{3A19ADE1-6FE7-4C17-9506-E758AF2FDDF0}.Debug|x64.Build.0 = Debug|x64
		{3A19ADE1-6FE7-4C17-9506-E758AF2FDDF0}.Debug|x86.ActiveCfg = Debug|Win32
		{3A19ADE1-6FE7-4C17-9506-E758AF2FDDF0}.Debug|x86.Build.0 = Debug|Win32
		{3A19ADE1-6FE7-4C17-9506-E758AF2FDDF0}.Release|x64.ActiveCfg = Release|x64
		{3A19ADE1-6FE7-4C17-9506-E758AF2FDDF0}.Release|x64.Build.0 = Release|x64
		{3A19ADE1-6FE7-4C17-9506-E758AF2FDDF0}.Release|x86.ActiveCfg = Release|Win32
		{3A19ADE1-6FE7-4C17-9506-E758AF2FDDF0}.Release|x86.Build.0 = Release|Win32
		{A046366B-13A7-42D7-A68A-63A533936AD6}.Debug|x64.ActiveCfg = Debug|x64
		{A046366B-13A7-42D7-A68A-63A533936AD6}.Debug|x64.Build.0 = Debug|x64
		{A046366B-13A7-42D7-A68A-63A533936AD6}.Debug|x86.ActiveCfg = Debug|Win32
		{A046366B-13A7-42D7-A68A-63A533936AD6}.Debug|x86.Build.0 = Debug|Win32
		{A046366B-13A7-42D7-A68A-63A533936AD6}.Release|x64.ActiveCfg = Release|x64
		{A046366B-13A7-42D7-A68A-63A533936AD6}.Release|x64.Build.0 = Release|x64
		{A046366B-13A7-42D7-A68A-63A533936AD6}.Release|x86.ActiveCfg = Release|Win32
		{A046366B-13A7-42D7-A68A-63A533936AD6}.Release|x86.Build.0 = Release|Win32
	EndGlobalSection
	GlobalSection(SolutionProperties) = preSolution
		HideSolutionNode = FALSE
	EndGlobalSection
EndGlobal
