
Microsoft Visual Studio Solution File, Format Version 12.00
# Visual Studio 15
VisualStudioVersion = 15.0.26430.14
MinimumVisualStudioVersion = 10.0.40219.1
Project("{8BC9CEB8-8B4A-11D0-8D11-00A0C91BC942}") = "DirectX2D", "DirectX2D\DirectX2D.vcxproj", "{D4D2D8D9-3B14-427F-8D46-4423D398AFC9}"
EndProject
Project("{8BC9CEB8-8B4A-11D0-8D11-00A0C91BC942}") = "GameEngine", "GameEngine\GameEngine.vcxproj", "{0BDAA0ED-D8E2-4366-93A8-E3398F1EF4B2}"
EndProject
Project("{8BC9CEB8-8B4A-11D0-8D11-00A0C91BC942}") = "Planet", "Planet\Planet.vcxproj", "{A10D4BCD-A81E-48F8-8152-C07B9FCFA14D}"
EndProject
Project("{8BC9CEB8-8B4A-11D0-8D11-00A0C91BC942}") = "Orbit", "Orbit\Orbit.vcxproj", "{31B0D6A3-8DBE-479F-807A-5D620B6EDD88}"
EndProject
Project("{8BC9CEB8-8B4A-11D0-8D11-00A0C91BC942}") = "CollisionTypes", "CollisionTypes\CollisionTypes.vcxproj", "{705122DC-654D-4120-AA8B-57CB7BE69A2E}"
EndProject
Project("{8BC9CEB8-8B4A-11D0-8D11-00A0C91BC942}") = "Gravity", "Gravity\Gravity.vcxproj", "{C78EE995-C1E2-49CE-A422-5E9358A9F341}"
EndProject
Project("{8BC9CEB8-8B4A-11D0-8D11-00A0C91BC942}") = "Bounce", "Bounce\Bounce.vcxproj", "{2844F616-CF68-47A8-9D96-FCC4F9EA7E08}"
EndProject
Project("{8BC9CEB8-8B4A-11D0-8D11-00A0C91BC942}") = "PlanetCollision", "PlanetCollision\PlanetCollision.vcxproj", "{9BAC60DA-CD91-4321-9B64-AE20E63F384D}"
EndProject
Project("{8BC9CEB8-8B4A-11D0-8D11-00A0C91BC942}") = "SoundExample", "SoundExample\SoundExample.vcxproj", "{FEDEFAB7-EB7A-4356-B486-C2DA13E1F722}"
EndProject
Project("{8BC9CEB8-8B4A-11D0-8D11-00A0C91BC942}") = "SoundLimitInstances", "SoundLimitInstances\SoundLimitInstances.vcxproj", "{187BC30B-3BE6-447A-9F7E-DE4DACFF81E2}"
EndProject
Project("{8BC9CEB8-8B4A-11D0-8D11-00A0C91BC942}") = "SpriteFont", "SpriteFont\SpriteFont.vcxproj", "{491E0327-D7EE-4A63-9E57-365D5731DC6B}"
EndProject
Project("{8BC9CEB8-8B4A-11D0-8D11-00A0C91BC942}") = "DirectXFont", "DirectXFont\DirectXFont.vcxproj", "{3A19ADE1-6FE7-4C17-9506-E758AF2FDDF0}"
EndProject
Project("{8BC9CEB8-8B4A-11D0-8D11-00A0C91BC942}") = "TextDemo", "TextDemo\TextDemo.vcxproj", "{A046366B-13A7-42D7-A68A-63A533936AD6}"
EndProject
Project("{8BC9CEB8-8B4A-11D0-8D11-00A0C91BC942}") = "DashBoard", "DashBoard\DashBoard.vcxproj", "{139F47E3-BA3B-45A0-97C0-2E3167B9AE83}"
EndProject
Project("{8BC9CEB8-8B4A-11D0-8D11-00A0C91BC942}") = "InputDialogDemo", "InputDialogDemo\InputDialogDemo.vcxproj", "{51D31F45-E004-49C3-9EBD-1C8CD6DA6326}"
EndProject
Project("{8BC9CEB8-8B4A-11D0-8D11-00A0C91BC942}") = "Reflection", "Reflection\Reflection.vcxproj", "{68E9EF86-96F6-48ED-B1B3-7889ED3B540E}"
EndProject
Project("{8BC9CEB8-8B4A-11D0-8D11-00A0C91BC942}") = "MessageDialogDemo", "MessageDialogDemo\MessageDialogDemo.vcxproj", "{674C9132-131D-46EC-8226-E05CE05EEF8B}"
EndProject
Project("{8BC9CEB8-8B4A-11D0-8D11-00A0C91BC942}") = "ParallaxScroll", "ParallaxScroll\ParallaxScroll.vcxproj", "{E26ED149-790A-47C1-A36A-774624401C13}"
EndProject
Project("{8BC9CEB8-8B4A-11D0-8D11-00A0C91BC942}") = "ScrollingBitmap", "ScrollingBitmap\ScrollingBitmap.vcxproj", "{D74A96C4-70FC-4DC8-97D8-9DBE71AD34A8}"
EndProject
Project("{8BC9CEB8-8B4A-11D0-8D11-00A0C91BC942}") = "Sahodw", "Sahodw\Sahodw.vcxproj", "{27E6ED50-9999-417C-A774-AACB819EAFBF}"
EndProject
Project("{8BC9CEB8-8B4A-11D0-8D11-00A0C91BC942}") = "OrthogonalProjection", "OrthogonalProjection\OrthogonalProjection.vcxproj", "{49A5E965-F7E3-40E0-9C5A-8F857CAC3D1E}"
EndProject
Project("{8BC9CEB8-8B4A-11D0-8D11-00A0C91BC942}") = "ObliqueProjection", "ObliqueProjection\ObliqueProjection.vcxproj", "{635498BF-22BD-4F19-A222-E33069C0C7E0}"
EndProject
Project("{8BC9CEB8-8B4A-11D0-8D11-00A0C91BC942}") = "IsometricDiamond", "IsometricDiamond\IsometricDiamond.vcxproj", "{D956ECD0-ADE9-4F1C-973C-58D65367BFBE}"
EndProject
Project("{8BC9CEB8-8B4A-11D0-8D11-00A0C91BC942}") = "IsometricStagger", "IsometricStagger\IsometricStagger.vcxproj", "{D3568433-3F22-4D9F-89A5-C25BA7EE7988}"
EndProject
Project("{8BC9CEB8-8B4A-11D0-8D11-00A0C91BC942}") = "IsometricElevationsLayers", "IsometricElevationsLayers\IsometricElevationsLayers.vcxproj", "{966572D5-130D-4A20-AB0F-3739DD43BD05}"
EndProject
Project("{8BC9CEB8-8B4A-11D0-8D11-00A0C91BC942}") = "IsometricElevationsMapFile", "IsometricElevationsMapFile\IsometricElevationsMapFile.vcxproj", "{BB4BFFAF-4B8D-4936-935C-07CB6962D5AA}"
EndProject
Project("{8BC9CEB8-8B4A-11D0-8D11-00A0C91BC942}") = "TileCollision", "TileCollision\TileCollision.vcxproj", "{38669874-4A55-49BB-B112-2249D33B49FD}"
EndProject
Project("{8BC9CEB8-8B4A-11D0-8D11-00A0C91BC942}") = "IsometricSelection", "IsometricSelection\IsometricSelection.vcxproj", "{F68C048B-8850-4A7A-9AF4-6C38E17AAFA7}"
EndProject
Global
	GlobalSection(SolutionConfigurationPlatforms) = preSolution
		Debug|x64 = Debug|x64
		Debug|x86 = Debug|x86
		Release|x64 = Release|x64
		Release|x86 = Release|x86
	EndGlobalSection
	GlobalSection(ProjectConfigurationPlatforms) = postSolution
		{D4D2D8D9-3B14-427F-8D46-4423D398AFC9}.Debug|x64.ActiveCfg = Debug|x64
		{D4D2D8D9-3B14-427F-8D46-4423D398AFC9}.Debug|x64.Build.0 = Debug|x64
		{D4D2D8D9-3B14-427F-8D46-4423D398AFC9}.Debug|x86.ActiveCfg = Debug|Win32
		{D4D2D8D9-3B14-427F-8D46-4423D398AFC9}.Debug|x86.Build.0 = Debug|Win32
		{D4D2D8D9-3B14-427F-8D46-4423D398AFC9}.Release|x64.ActiveCfg = Release|x64
		{D4D2D8D9-3B14-427F-8D46-4423D398AFC9}.Release|x64.Build.0 = Release|x64
		{D4D2D8D9-3B14-427F-8D46-4423D398AFC9}.Release|x86.ActiveCfg = Release|Win32
		{D4D2D8D9-3B14-427F-8D46-4423D398AFC9}.Release|x86.Build.0 = Release|Win32
		{0BDAA0ED-D8E2-4366-93A8-E3398F1EF4B2}.Debug|x64.ActiveCfg = Debug|x64
		{0BDAA0ED-D8E2-4366-93A8-E3398F1EF4B2}.Debug|x64.Build.0 = Debug|x64
		{0BDAA0ED-D8E2-4366-93A8-E3398F1EF4B2}.Debug|x86.ActiveCfg = Debug|Win32
		{0BDAA0ED-D8E2-4366-93A8-E3398F1EF4B2}.Debug|x86.Build.0 = Debug|Win32
		{0BDAA0ED-D8E2-4366-93A8-E3398F1EF4B2}.Release|x64.ActiveCfg = Release|x64
		{0BDAA0ED-D8E2-4366-93A8-E3398F1EF4B2}.Release|x64.Build.0 = Release|x64
		{0BDAA0ED-D8E2-4366-93A8-E3398F1EF4B2}.Release|x86.ActiveCfg = Release|Win32
		{0BDAA0ED-D8E2-4366-93A8-E3398F1EF4B2}.Release|x86.Build.0 = Release|Win32
		{A10D4BCD-A81E-48F8-8152-C07B9FCFA14D}.Debug|x64.ActiveCfg = Debug|x64
		{A10D4BCD-A81E-48F8-8152-C07B9FCFA14D}.Debug|x64.Build.0 = Debug|x64
		{A10D4BCD-A81E-48F8-8152-C07B9FCFA14D}.Debug|x86.ActiveCfg = Debug|Win32
		{A10D4BCD-A81E-48F8-8152-C07B9FCFA14D}.Debug|x86.Build.0 = Debug|Win32
		{A10D4BCD-A81E-48F8-8152-C07B9FCFA14D}.Release|x64.ActiveCfg = Release|x64
		{A10D4BCD-A81E-48F8-8152-C07B9FCFA14D}.Release|x64.Build.0 = Release|x64
		{A10D4BCD-A81E-48F8-8152-C07B9FCFA14D}.Release|x86.ActiveCfg = Release|Win32
		{A10D4BCD-A81E-48F8-8152-C07B9FCFA14D}.Release|x86.Build.0 = Release|Win32
		{31B0D6A3-8DBE-479F-807A-5D620B6EDD88}.Debug|x64.ActiveCfg = Debug|x64
		{31B0D6A3-8DBE-479F-807A-5D620B6EDD88}.Debug|x64.Build.0 = Debug|x64
		{31B0D6A3-8DBE-479F-807A-5D620B6EDD88}.Debug|x86.ActiveCfg = Debug|Win32
		{31B0D6A3-8DBE-479F-807A-5D620B6EDD88}.Debug|x86.Build.0 = Debug|Win32
		{31B0D6A3-8DBE-479F-807A-5D620B6EDD88}.Release|x64.ActiveCfg = Release|x64
		{31B0D6A3-8DBE-479F-807A-5D620B6EDD88}.Release|x64.Build.0 = Release|x64
		{31B0D6A3-8DBE-479F-807A-5D620B6EDD88}.Release|x86.ActiveCfg = Release|Win32
		{31B0D6A3-8DBE-479F-807A-5D620B6EDD88}.Release|x86.Build.0 = Release|Win32
		{705122DC-654D-4120-AA8B-57CB7BE69A2E}.Debug|x64.ActiveCfg = Debug|x64
		{705122DC-654D-4120-AA8B-57CB7BE69A2E}.Debug|x64.Build.0 = Debug|x64
		{705122DC-654D-4120-AA8B-57CB7BE69A2E}.Debug|x86.ActiveCfg = Debug|Win32
		{705122DC-654D-4120-AA8B-57CB7BE69A2E}.Debug|x86.Build.0 = Debug|Win32
		{705122DC-654D-4120-AA8B-57CB7BE69A2E}.Release|x64.ActiveCfg = Release|x64
		{705122DC-654D-4120-AA8B-57CB7BE69A2E}.Release|x64.Build.0 = Release|x64
		{705122DC-654D-4120-AA8B-57CB7BE69A2E}.Release|x86.ActiveCfg = Release|Win32
		{705122DC-654D-4120-AA8B-57CB7BE69A2E}.Release|x86.Build.0 = Release|Win32
		{C78EE995-C1E2-49CE-A422-5E9358A9F341}.Debug|x64.ActiveCfg = Debug|x64
		{C78EE995-C1E2-49CE-A422-5E9358A9F341}.Debug|x64.Build.0 = Debug|x64
		{C78EE995-C1E2-49CE-A422-5E9358A9F341}.Debug|x86.ActiveCfg = Debug|Win32
		{C78EE995-C1E2-49CE-A422-5E9358A9F341}.Debug|x86.Build.0 = Debug|Win32
		{C78EE995-C1E2-49CE-A422-5E9358A9F341}.Release|x64.ActiveCfg = Release|x64
		{C78EE995-C1E2-49CE-A422-5E9358A9F341}.Release|x64.Build.0 = Release|x64
		{C78EE995-C1E2-49CE-A422-5E9358A9F341}.Release|x86.ActiveCfg = Release|Win32
		{C78EE995-C1E2-49CE-A422-5E9358A9F341}.Release|x86.Build.0 = Release|Win32
		{2844F616-CF68-47A8-9D96-FCC4F9EA7E08}.Debug|x64.ActiveCfg = Debug|x64
		{2844F616-CF68-47A8-9D96-FCC4F9EA7E08}.Debug|x64.Build.0 = Debug|x64
		{2844F616-CF68-47A8-9D96-FCC4F9EA7E08}.Debug|x86.ActiveCfg = Debug|Win32
		{2844F616-CF68-47A8-9D96-FCC4F9EA7E08}.Debug|x86.Build.0 = Debug|Win32
		{2844F616-CF68-47A8-9D96-FCC4F9EA7E08}.Release|x64.ActiveCfg = Release|x64
		{2844F616-CF68-47A8-9D96-FCC4F9EA7E08}.Release|x64.Build.0 = Release|x64
		{2844F616-CF68-47A8-9D96-FCC4F9EA7E08}.Release|x86.ActiveCfg = Release|Win32
		{2844F616-CF68-47A8-9D96-FCC4F9EA7E08}.Release|x86.Build.0 = Release|Win32
		{9BAC60DA-CD91-4321-9B64-AE20E63F384D}.Debug|x64.ActiveCfg = Debug|x64
		{9BAC60DA-CD91-4321-9B64-AE20E63F384D}.Debug|x64.Build.0 = Debug|x64
		{9BAC60DA-CD91-4321-9B64-AE20E63F384D}.Debug|x86.ActiveCfg = Debug|Win32
		{9BAC60DA-CD91-4321-9B64-AE20E63F384D}.Debug|x86.Build.0 = Debug|Win32
		{9BAC60DA-CD91-4321-9B64-AE20E63F384D}.Release|x64.ActiveCfg = Release|x64
		{9BAC60DA-CD91-4321-9B64-AE20E63F384D}.Release|x64.Build.0 = Release|x64
		{9BAC60DA-CD91-4321-9B64-AE20E63F384D}.Release|x86.ActiveCfg = Release|Win32
		{9BAC60DA-CD91-4321-9B64-AE20E63F384D}.Release|x86.Build.0 = Release|Win32
		{FEDEFAB7-EB7A-4356-B486-C2DA13E1F722}.Debug|x64.ActiveCfg = Debug|x64
		{FEDEFAB7-EB7A-4356-B486-C2DA13E1F722}.Debug|x64.Build.0 = Debug|x64
		{FEDEFAB7-EB7A-4356-B486-C2DA13E1F722}.Debug|x86.ActiveCfg = Debug|Win32
		{FEDEFAB7-EB7A-4356-B486-C2DA13E1F722}.Debug|x86.Build.0 = Debug|Win32
		{FEDEFAB7-EB7A-4356-B486-C2DA13E1F722}.Release|x64.ActiveCfg = Release|x64
		{FEDEFAB7-EB7A-4356-B486-C2DA13E1F722}.Release|x64.Build.0 = Release|x64
		{FEDEFAB7-EB7A-4356-B486-C2DA13E1F722}.Release|x86.ActiveCfg = Release|Win32
		{FEDEFAB7-EB7A-4356-B486-C2DA13E1F722}.Release|x86.Build.0 = Release|Win32
		{187BC30B-3BE6-447A-9F7E-DE4DACFF81E2}.Debug|x64.ActiveCfg = Debug|x64
		{187BC30B-3BE6-447A-9F7E-DE4DACFF81E2}.Debug|x64.Build.0 = Debug|x64
		{187BC30B-3BE6-447A-9F7E-DE4DACFF81E2}.Debug|x86.ActiveCfg = Debug|Win32
		{187BC30B-3BE6-447A-9F7E-DE4DACFF81E2}.Debug|x86.Build.0 = Debug|Win32
		{187BC30B-3BE6-447A-9F7E-DE4DACFF81E2}.Release|x64.ActiveCfg = Release|x64
		{187BC30B-3BE6-447A-9F7E-DE4DACFF81E2}.Release|x64.Build.0 = Release|x64
		{187BC30B-3BE6-447A-9F7E-DE4DACFF81E2}.Release|x86.ActiveCfg = Release|Win32
		{187BC30B-3BE6-447A-9F7E-DE4DACFF81E2}.Release|x86.Build.0 = Release|Win32
		{491E0327-D7EE-4A63-9E57-365D5731DC6B}.Debug|x64.ActiveCfg = Debug|x64
		{491E0327-D7EE-4A63-9E57-365D5731DC6B}.Debug|x64.Build.0 = Debug|x64
		{491E0327-D7EE-4A63-9E57-365D5731DC6B}.Debug|x86.ActiveCfg = Debug|Win32
		{491E0327-D7EE-4A63-9E57-365D5731DC6B}.Debug|x86.Build.0 = Debug|Win32
		{491E0327-D7EE-4A63-9E57-365D5731DC6B}.Release|x64.ActiveCfg = Release|x64
		{491E0327-D7EE-4A63-9E57-365D5731DC6B}.Release|x64.Build.0 = Release|x64
		{491E0327-D7EE-4A63-9E57-365D5731DC6B}.Release|x86.ActiveCfg = Release|Win32
		{491E0327-D7EE-4A63-9E57-365D5731DC6B}.Release|x86.Build.0 = Release|Win32
		{3A19ADE1-6FE7-4C17-9506-E758AF2FDDF0}.Debug|x64.ActiveCfg = Debug|x64
		{3A19ADE1-6FE7-4C17-9506-E758AF2FDDF0}.Debug|x64.Build.0 = Debug|x64
		{3A19ADE1-6FE7-4C17-9506-E758AF2FDDF0}.Debug|x86.ActiveCfg = Debug|Win32
		{3A19ADE1-6FE7-4C17-9506-E758AF2FDDF0}.Debug|x86.Build.0 = Debug|Win32
		{3A19ADE1-6FE7-4C17-9506-E758AF2FDDF0}.Release|x64.ActiveCfg = Release|x64
		{3A19ADE1-6FE7-4C17-9506-E758AF2FDDF0}.Release|x64.Build.0 = Release|x64
		{3A19ADE1-6FE7-4C17-9506-E758AF2FDDF0}.Release|x86.ActiveCfg = Release|Win32
		{3A19ADE1-6FE7-4C17-9506-E758AF2FDDF0}.Release|x86.Build.0 = Release|Win32
		{A046366B-13A7-42D7-A68A-63A533936AD6}.Debug|x64.ActiveCfg = Debug|x64
		{A046366B-13A7-42D7-A68A-63A533936AD6}.Debug|x64.Build.0 = Debug|x64
		{A046366B-13A7-42D7-A68A-63A533936AD6}.Debug|x86.ActiveCfg = Debug|Win32
		{A046366B-13A7-42D7-A68A-63A533936AD6}.Debug|x86.Build.0 = Debug|Win32
		{A046366B-13A7-42D7-A68A-63A533936AD6}.Release|x64.ActiveCfg = Release|x64
		{A046366B-13A7-42D7-A68A-63A533936AD6}.Release|x64.Build.0 = Release|x64
		{A046366B-13A7-42D7-A68A-63A533936AD6}.Release|x86.ActiveCfg = Release|Win32
		{A046366B-13A7-42D7-A68A-63A533936AD6}.Release|x86.Build.0 = Release|Win32
		{139F47E3-BA3B-45A0-97C0-2E3167B9AE83}.Debug|x64.ActiveCfg = Debug|x64
		{139F47E3-BA3B-45A0-97C0-2E3167B9AE83}.Debug|x64.Build.0 = Debug|x64
		{139F47E3-BA3B-45A0-97C0-2E3167B9AE83}.Debug|x86.ActiveCfg = Debug|Win32
		{139F47E3-BA3B-45A0-97C0-2E3167B9AE83}.Debug|x86.Build.0 = Debug|Win32
		{139F47E3-BA3B-45A0-97C0-2E3167B9AE83}.Release|x64.ActiveCfg = Release|x64
		{139F47E3-BA3B-45A0-97C0-2E3167B9AE83}.Release|x64.Build.0 = Release|x64
		{139F47E3-BA3B-45A0-97C0-2E3167B9AE83}.Release|x86.ActiveCfg = Release|Win32
		{139F47E3-BA3B-45A0-97C0-2E3167B9AE83}.Release|x86.Build.0 = Release|Win32
		{51D31F45-E004-49C3-9EBD-1C8CD6DA6326}.Debug|x64.ActiveCfg = Debug|x64
		{51D31F45-E004-49C3-9EBD-1C8CD6DA6326}.Debug|x64.Build.0 = Debug|x64
		{51D31F45-E004-49C3-9EBD-1C8CD6DA6326}.Debug|x86.ActiveCfg = Debug|Win32
		{51D31F45-E004-49C3-9EBD-1C8CD6DA6326}.Debug|x86.Build.0 = Debug|Win32
		{51D31F45-E004-49C3-9EBD-1C8CD6DA6326}.Release|x64.ActiveCfg = Release|x64
		{51D31F45-E004-49C3-9EBD-1C8CD6DA6326}.Release|x64.Build.0 = Release|x64
		{51D31F45-E004-49C3-9EBD-1C8CD6DA6326}.Release|x86.ActiveCfg = Release|Win32
		{51D31F45-E004-49C3-9EBD-1C8CD6DA6326}.Release|x86.Build.0 = Release|Win32
		{68E9EF86-96F6-48ED-B1B3-7889ED3B540E}.Debug|x64.ActiveCfg = Debug|x64
		{68E9EF86-96F6-48ED-B1B3-7889ED3B540E}.Debug|x64.Build.0 = Debug|x64
		{68E9EF86-96F6-48ED-B1B3-7889ED3B540E}.Debug|x86.ActiveCfg = Debug|Win32
		{68E9EF86-96F6-48ED-B1B3-7889ED3B540E}.Debug|x86.Build.0 = Debug|Win32
		{68E9EF86-96F6-48ED-B1B3-7889ED3B540E}.Release|x64.ActiveCfg = Release|x64
		{68E9EF86-96F6-48ED-B1B3-7889ED3B540E}.Release|x64.Build.0 = Release|x64
		{68E9EF86-96F6-48ED-B1B3-7889ED3B540E}.Release|x86.ActiveCfg = Release|Win32
		{68E9EF86-96F6-48ED-B1B3-7889ED3B540E}.Release|x86.Build.0 = Release|Win32
		{674C9132-131D-46EC-8226-E05CE05EEF8B}.Debug|x64.ActiveCfg = Debug|x64
		{674C9132-131D-46EC-8226-E05CE05EEF8B}.Debug|x64.Build.0 = Debug|x64
		{674C9132-131D-46EC-8226-E05CE05EEF8B}.Debug|x86.ActiveCfg = Debug|Win32
		{674C9132-131D-46EC-8226-E05CE05EEF8B}.Debug|x86.Build.0 = Debug|Win32
		{674C9132-131D-46EC-8226-E05CE05EEF8B}.Release|x64.ActiveCfg = Release|x64
		{674C9132-131D-46EC-8226-E05CE05EEF8B}.Release|x64.Build.0 = Release|x64
		{674C9132-131D-46EC-8226-E05CE05EEF8B}.Release|x86.ActiveCfg = Release|Win32
		{674C9132-131D-46EC-8226-E05CE05EEF8B}.Release|x86.Build.0 = Release|Win32
		{E26ED149-790A-47C1-A36A-774624401C13}.Debug|x64.ActiveCfg = Debug|x64
		{E26ED149-790A-47C1-A36A-774624401C13}.Debug|x64.Build.0 = Debug|x64
		{E26ED149-790A-47C1-A36A-774624401C13}.Debug|x86.ActiveCfg = Debug|Win32
		{E26ED149-790A-47C1-A36A-774624401C13}.Debug|x86.Build.0 = Debug|Win32
		{E26ED149-790A-47C1-A36A-774624401C13}.Release|x64.ActiveCfg = Release|x64
		{E26ED149-790A-47C1-A36A-774624401C13}.Release|x64.Build.0 = Release|x64
		{E26ED149-790A-47C1-A36A-774624401C13}.Release|x86.ActiveCfg = Release|Win32
		{E26ED149-790A-47C1-A36A-774624401C13}.Release|x86.Build.0 = Release|Win32
		{D74A96C4-70FC-4DC8-97D8-9DBE71AD34A8}.Debug|x64.ActiveCfg = Debug|x64
		{D74A96C4-70FC-4DC8-97D8-9DBE71AD34A8}.Debug|x64.Build.0 = Debug|x64
		{D74A96C4-70FC-4DC8-97D8-9DBE71AD34A8}.Debug|x86.ActiveCfg = Debug|Win32
		{D74A96C4-70FC-4DC8-97D8-9DBE71AD34A8}.Debug|x86.Build.0 = Debug|Win32
		{D74A96C4-70FC-4DC8-97D8-9DBE71AD34A8}.Release|x64.ActiveCfg = Release|x64
		{D74A96C4-70FC-4DC8-97D8-9DBE71AD34A8}.Release|x64.Build.0 = Release|x64
		{D74A96C4-70FC-4DC8-97D8-9DBE71AD34A8}.Release|x86.ActiveCfg = Release|Win32
		{D74A96C4-70FC-4DC8-97D8-9DBE71AD34A8}.Release|x86.Build.0 = Release|Win32
		{27E6ED50-9999-417C-A774-AACB819EAFBF}.Debug|x64.ActiveCfg = Debug|x64
		{27E6ED50-9999-417C-A774-AACB819EAFBF}.Debug|x64.Build.0 = Debug|x64
		{27E6ED50-9999-417C-A774-AACB819EAFBF}.Debug|x86.ActiveCfg = Debug|Win32
		{27E6ED50-9999-417C-A774-AACB819EAFBF}.Debug|x86.Build.0 = Debug|Win32
		{27E6ED50-9999-417C-A774-AACB819EAFBF}.Release|x64.ActiveCfg = Release|x64
		{27E6ED50-9999-417C-A774-AACB819EAFBF}.Release|x64.Build.0 = Release|x64
		{27E6ED50-9999-417C-A774-AACB819EAFBF}.Release|x86.ActiveCfg = Release|Win32
		{27E6ED50-9999-417C-A774-AACB819EAFBF}.Release|x86.Build.0 = Release|Win32
		{49A5E965-F7E3-40E0-9C5A-8F857CAC3D1E}.Debug|x64.ActiveCfg = Debug|x64
		{49A5E965-F7E3-40E0-9C5A-8F857CAC3D1E}.Debug|x64.Build.0 = Debug|x64
		{49A5E965-F7E3-40E0-9C5A-8F857CAC3D1E}.Debug|x86.ActiveCfg = Debug|Win32
		{49A5E965-F7E3-40E0-9C5A-8F857CAC3D1E}.Debug|x86.Build.0 = Debug|Win32
		{49A5E965-F7E3-40E0-9C5A-8F857CAC3D1E}.Release|x64.ActiveCfg = Release|x64
		{49A5E965-F7E3-40E0-9C5A-8F857CAC3D1E}.Release|x64.Build.0 = Release|x64
		{49A5E965-F7E3-40E0-9C5A-8F857CAC3D1E}.Release|x86.ActiveCfg = Release|Win32
		{49A5E965-F7E3-40E0-9C5A-8F857CAC3D1E}.Release|x86.Build.0 = Release|Win32
		{635498BF-22BD-4F19-A222-E33069C0C7E0}.Debug|x64.ActiveCfg = Debug|x64
		{635498BF-22BD-4F19-A222-E33069C0C7E0}.Debug|x64.Build.0 = Debug|x64
		{635498BF-22BD-4F19-A222-E33069C0C7E0}.Debug|x86.ActiveCfg = Debug|Win32
		{635498BF-22BD-4F19-A222-E33069C0C7E0}.Debug|x86.Build.0 = Debug|Win32
		{635498BF-22BD-4F19-A222-E33069C0C7E0}.Release|x64.ActiveCfg = Release|x64
		{635498BF-22BD-4F19-A222-E33069C0C7E0}.Release|x64.Build.0 = Release|x64
		{635498BF-22BD-4F19-A222-E33069C0C7E0}.Release|x86.ActiveCfg = Release|Win32
		{635498BF-22BD-4F19-A222-E33069C0C7E0}.Release|x86.Build.0 = Release|Win32
		{D956ECD0-ADE9-4F1C-973C-58D65367BFBE}.Debug|x64.ActiveCfg = Debug|x64
		{D956ECD0-ADE9-4F1C-973C-58D65367BFBE}.Debug|x64.Build.0 = Debug|x64
		{D956ECD0-ADE9-4F1C-973C-58D65367BFBE}.Debug|x86.ActiveCfg = Debug|Win32
		{D956ECD0-ADE9-4F1C-973C-58D65367BFBE}.Debug|x86.Build.0 = Debug|Win32
		{D956ECD0-ADE9-4F1C-973C-58D65367BFBE}.Release|x64.ActiveCfg = Release|x64
		{D956ECD0-ADE9-4F1C-973C-58D65367BFBE}.Release|x64.Build.0 = Release|x64
		{D956ECD0-ADE9-4F1C-973C-58D65367BFBE}.Release|x86.ActiveCfg = Release|Win32
		{D956ECD0-ADE9-4F1C-973C-58D65367BFBE}.Release|x86.Build.0 = Release|Win32
		{D3568433-3F22-4D9F-89A5-C25BA7EE7988}.Debug|x64.ActiveCfg = Debug|x64
		{D3568433-3F22-4D9F-89A5-C25BA7EE7988}.Debug|x64.Build.0 = Debug|x64
		{D3568433-3F22-4D9F-89A5-C25BA7EE7988}.Debug|x86.ActiveCfg = Debug|Win32
		{D3568433-3F22-4D9F-89A5-C25BA7EE7988}.Debug|x86.Build.0 = Debug|Win32
		{D3568433-3F22-4D9F-89A5-C25BA7EE7988}.Release|x64.ActiveCfg = Release|x64
		{D3568433-3F22-4D9F-89A5-C25BA7EE7988}.Release|x64.Build.0 = Release|x64
		{D3568433-3F22-4D9F-89A5-C25BA7EE7988}.Release|x86.ActiveCfg = Release|Win32
		{D3568433-3F22-4D9F-89A5-C25BA7EE7988}.Release|x86.Build.0 = Release|Win32
		{966572D5-130D-4A20-AB0F-3739DD43BD05}.Debug|x64.ActiveCfg = Debug|x64
		{966572D5-130D-4A20-AB0F-3739DD43BD05}.Debug|x64.Build.0 = Debug|x64
		{966572D5-130D-4A20-AB0F-3739DD43BD05}.Debug|x86.ActiveCfg = Debug|Win32
		{966572D5-130D-4A20-AB0F-3739DD43BD05}.Debug|x86.Build.0 = Debug|Win32
		{966572D5-130D-4A20-AB0F-3739DD43BD05}.Release|x64.ActiveCfg = Release|x64
		{966572D5-130D-4A20-AB0F-3739DD43BD05}.Release|x64.Build.0 = Release|x64
		{966572D5-130D-4A20-AB0F-3739DD43BD05}.Release|x86.ActiveCfg = Release|Win32
		{966572D5-130D-4A20-AB0F-3739DD43BD05}.Release|x86.Build.0 = Release|Win32
		{BB4BFFAF-4B8D-4936-935C-07CB6962D5AA}.Debug|x64.ActiveCfg = Debug|x64
		{BB4BFFAF-4B8D-4936-935C-07CB6962D5AA}.Debug|x64.Build.0 = Debug|x64
		{BB4BFFAF-4B8D-4936-935C-07CB6962D5AA}.Debug|x86.ActiveCfg = Debug|Win32
		{BB4BFFAF-4B8D-4936-935C-07CB6962D5AA}.Debug|x86.Build.0 = Debug|Win32
		{BB4BFFAF-4B8D-4936-935C-07CB6962D5AA}.Release|x64.ActiveCfg = Release|x64
		{BB4BFFAF-4B8D-4936-935C-07CB6962D5AA}.Release|x64.Build.0 = Release|x64
		{BB4BFFAF-4B8D-4936-935C-07CB6962D5AA}.Release|x86.ActiveCfg = Release|Win32
		{BB4BFFAF-4B8D-4936-935C-07CB6962D5AA}.Release|x86.Build.0 = Release|Win32
		{38669874-4A55-49BB-B112-2249D33B49FD}.Debug|x64.ActiveCfg = Debug|x64
		{38669874-4A55-49BB-B112-2249D33B49FD}.Debug|x64.Build.0 = Debug|x64
		{38669874-4A55-49BB-B112-2249D33B49FD}.Debug|x86.ActiveCfg = Debug|Win32
		{38669874-4A55-49BB-B112-2249D33B49FD}.Debug|x86.Build.0 = Debug|Win32
		{38669874-4A55-49BB-B112-2249D33B49FD}.Release|x64.ActiveCfg = Release|x64
		{38669874-4A55-49BB-B112-2249D33B49FD}.Release|x64.Build.0 = Release|x64
		{38669874-4A55-49BB-B112-2249D33B49FD}.Release|x86.ActiveCfg = Release|Win32
		{38669874-4A55-49BB-B112-2249D33B49FD}.Release|x86.Build.0 = Release|Win32
		{F68C048B-8850-4A7A-9AF4-6C38E17AAFA7}.Debug|x64.ActiveCfg = Debug|x64
		{F68C048B-8850-4A7A-9AF4-6C38E17AAFA7}.Debug|x64.Build.0 = Debug|x64
		{F68C048B-8850-4A7A-9AF4-6C38E17AAFA7}.Debug|x86.ActiveCfg = Debug|Win32
		{F68C048B-8850-4A7A-9AF4-6C38E17AAFA7}.Debug|x86.Build.0 = Debug|Win32
		{F68C048B-8850-4A7A-9AF4-6C38E17AAFA7}.Release|x64.ActiveCfg = Release|x64
		{F68C048B-8850-4A7A-9AF4-6C38E17AAFA7}.Release|x64.Build.0 = Release|x64
		{F68C048B-8850-4A7A-9AF4-6C38E17AAFA7}.Release|x86.ActiveCfg = Release|Win32
		{F68C048B-8850-4A7A-9AF4-6C38E17AAFA7}.Release|x86.Build.0 = Release|Win32
	EndGlobalSection
	GlobalSection(SolutionProperties) = preSolution
		HideSolutionNode = FALSE
	EndGlobalSection
EndGlobal
